
Microsoft Visual Studio Solution File, Format Version 12.00
# Visual Studio Version 17
VisualStudioVersion = 17.10.35122.118
MinimumVisualStudioVersion = 10.0.40219.1
Project("{9A19103F-16F7-4668-BE54-9A1E7A4F7556}") = "ChunkedUpload", "ChunkedUpload\ChunkedUpload.csproj", "{8D5B3D5C-C008-403F-A417-E3B164252217}"
EndProject
Global
	GlobalSection(SolutionConfigurationPlatforms) = preSolution
		Debug|Any CPU = Debug|Any CPU
		Release|Any CPU = Release|Any CPU
	EndGlobalSection
	GlobalSection(ProjectConfigurationPlatforms) = postSolution
		{8D5B3D5C-C008-403F-A417-E3B164252217}.Debug|Any CPU.ActiveCfg = Debug|Any CPU
		{8D5B3D5C-C008-403F-A417-E3B164252217}.Debug|Any CPU.Build.0 = Debug|Any CPU
		{8D5B3D5C-C008-403F-A417-E3B164252217}.Release|Any CPU.ActiveCfg = Release|Any CPU
		{8D5B3D5C-C008-403F-A417-E3B164252217}.Release|Any CPU.Build.0 = Release|Any CPU
	EndGlobalSection
	GlobalSection(SolutionProperties) = preSolution
		HideSolutionNode = FALSE
	EndGlobalSection
	GlobalSection(ExtensibilityGlobals) = postSolution
		SolutionGuid = {38B581D6-76B8-4008-9EEF-968B6A83ADB0}
	EndGlobalSection
EndGlobal
